
Microsoft Visual Studio Solution File, Format Version 12.00
# Visual Studio Version 17
VisualStudioVersion = 17.11.35312.102
MinimumVisualStudioVersion = 10.0.40219.1
Project("{FAE04EC0-301F-11D3-BF4B-00C04F79EFBC}") = "Alethiea2", "Alethiea2\Alethiea2.csproj", "{046BD866-FE73-43E8-BD42-E5F3FB3D88FA}"
EndProject
Global
	GlobalSection(SolutionConfigurationPlatforms) = preSolution
		Debug|Any CPU = Debug|Any CPU
		Release|Any CPU = Release|Any CPU
	EndGlobalSection
	GlobalSection(ProjectConfigurationPlatforms) = postSolution
		{046BD866-FE73-43E8-BD42-E5F3FB3D88FA}.Debug|Any CPU.ActiveCfg = Debug|Any CPU
		{046BD866-FE73-43E8-BD42-E5F3FB3D88FA}.Debug|Any CPU.Build.0 = Debug|Any CPU
		{046BD866-FE73-43E8-BD42-E5F3FB3D88FA}.Release|Any CPU.ActiveCfg = Release|Any CPU
		{046BD866-FE73-43E8-BD42-E5F3FB3D88FA}.Release|Any CPU.Build.0 = Release|Any CPU
	EndGlobalSection
	GlobalSection(SolutionProperties) = preSolution
		HideSolutionNode = FALSE
	EndGlobalSection
	GlobalSection(ExtensibilityGlobals) = postSolution
		SolutionGuid = {7E9E56BA-5E7B-44AC-AFED-37B6A4AB20FE}
	EndGlobalSection
EndGlobal
